
Microsoft Visual Studio Solution File, Format Version 12.00
# Visual Studio 15
VisualStudioVersion = 15.0.26730.16
MinimumVisualStudioVersion = 10.0.40219.1
Project("{9A19103F-16F7-4668-BE54-9A1E7A4F7556}") = "Interfaces", "Interfaces\Interfaces.csproj", "{CC8E5A24-5A7B-4C74-8A91-24D8249B46D2}"
EndProject
Project("{9A19103F-16F7-4668-BE54-9A1E7A4F7556}") = "Mocks", "Mocks\Mocks.csproj", "{189B79D8-3729-46BF-8380-855D82208F3D}"
EndProject
Project("{FAE04EC0-301F-11D3-BF4B-00C04F79EFBC}") = "PoseidonTests", "PoseidonTests\PoseidonTests.csproj", "{A152630B-7EDA-4BB0-A8B1-C84FAA13A980}"
EndProject
Project("{9A19103F-16F7-4668-BE54-9A1E7A4F7556}") = "AspNetClient", "AspNetClient\AspNetClient.csproj", "{42BBB201-AF70-403E-B6FB-88AFC8BE2139}"
EndProject
Project("{9A19103F-16F7-4668-BE54-9A1E7A4F7556}") = "Service", "Service\Service.csproj", "{AE06FFBC-11AC-49EB-A44B-8AD507748260}"
EndProject
Global
	GlobalSection(SolutionConfigurationPlatforms) = preSolution
		Debug|Any CPU = Debug|Any CPU
		Release|Any CPU = Release|Any CPU
	EndGlobalSection
	GlobalSection(ProjectConfigurationPlatforms) = postSolution
		{CC8E5A24-5A7B-4C74-8A91-24D8249B46D2}.Debug|Any CPU.ActiveCfg = Debug|Any CPU
		{CC8E5A24-5A7B-4C74-8A91-24D8249B46D2}.Debug|Any CPU.Build.0 = Debug|Any CPU
		{CC8E5A24-5A7B-4C74-8A91-24D8249B46D2}.Release|Any CPU.ActiveCfg = Release|Any CPU
		{CC8E5A24-5A7B-4C74-8A91-24D8249B46D2}.Release|Any CPU.Build.0 = Release|Any CPU
		{189B79D8-3729-46BF-8380-855D82208F3D}.Debug|Any CPU.ActiveCfg = Debug|Any CPU
		{189B79D8-3729-46BF-8380-855D82208F3D}.Debug|Any CPU.Build.0 = Debug|Any CPU
		{189B79D8-3729-46BF-8380-855D82208F3D}.Release|Any CPU.ActiveCfg = Release|Any CPU
		{189B79D8-3729-46BF-8380-855D82208F3D}.Release|Any CPU.Build.0 = Release|Any CPU
		{A152630B-7EDA-4BB0-A8B1-C84FAA13A980}.Debug|Any CPU.ActiveCfg = Debug|Any CPU
		{A152630B-7EDA-4BB0-A8B1-C84FAA13A980}.Debug|Any CPU.Build.0 = Debug|Any CPU
		{A152630B-7EDA-4BB0-A8B1-C84FAA13A980}.Release|Any CPU.ActiveCfg = Release|Any CPU
		{A152630B-7EDA-4BB0-A8B1-C84FAA13A980}.Release|Any CPU.Build.0 = Release|Any CPU
		{42BBB201-AF70-403E-B6FB-88AFC8BE2139}.Debug|Any CPU.ActiveCfg = Debug|Any CPU
		{42BBB201-AF70-403E-B6FB-88AFC8BE2139}.Debug|Any CPU.Build.0 = Debug|Any CPU
		{42BBB201-AF70-403E-B6FB-88AFC8BE2139}.Release|Any CPU.ActiveCfg = Release|Any CPU
		{42BBB201-AF70-403E-B6FB-88AFC8BE2139}.Release|Any CPU.Build.0 = Release|Any CPU
		{AE06FFBC-11AC-49EB-A44B-8AD507748260}.Debug|Any CPU.ActiveCfg = Debug|Any CPU
		{AE06FFBC-11AC-49EB-A44B-8AD507748260}.Debug|Any CPU.Build.0 = Debug|Any CPU
		{AE06FFBC-11AC-49EB-A44B-8AD507748260}.Release|Any CPU.ActiveCfg = Release|Any CPU
		{AE06FFBC-11AC-49EB-A44B-8AD507748260}.Release|Any CPU.Build.0 = Release|Any CPU
	EndGlobalSection
	GlobalSection(SolutionProperties) = preSolution
		HideSolutionNode = FALSE
	EndGlobalSection
	GlobalSection(ExtensibilityGlobals) = postSolution
		SolutionGuid = {C4298552-EAA9-47F7-BEC2-7E2BBFF67239}
	EndGlobalSection
EndGlobal
