
Microsoft Visual Studio Solution File, Format Version 12.00
# Visual Studio 15
VisualStudioVersion = 15.0.26730.16
MinimumVisualStudioVersion = 10.0.40219.1
Project("{FAE04EC0-301F-11D3-BF4B-00C04F79EFBC}") = "Interfaces", "Interfaces\Interfaces.csproj", "{CC8E5A24-5A7B-4C74-8A91-24D8249B46D2}"
EndProject
Project("{FAE04EC0-301F-11D3-BF4B-00C04F79EFBC}") = "Mocks", "Mocks\Mocks.csproj", "{189B79D8-3729-46BF-8380-855D82208F3D}"
EndProject
Project("{FAE04EC0-301F-11D3-BF4B-00C04F79EFBC}") = "Service", "Service\Service.csproj", "{106FED4D-2D3A-41B6-B7B4-ACDB42B41F54}"
EndProject
Global
	GlobalSection(SolutionConfigurationPlatforms) = preSolution
		Debug|Any CPU = Debug|Any CPU
		Release|Any CPU = Release|Any CPU
	EndGlobalSection
	GlobalSection(ProjectConfigurationPlatforms) = postSolution
		{CC8E5A24-5A7B-4C74-8A91-24D8249B46D2}.Debug|Any CPU.ActiveCfg = Debug|Any CPU
		{CC8E5A24-5A7B-4C74-8A91-24D8249B46D2}.Debug|Any CPU.Build.0 = Debug|Any CPU
		{CC8E5A24-5A7B-4C74-8A91-24D8249B46D2}.Release|Any CPU.ActiveCfg = Release|Any CPU
		{CC8E5A24-5A7B-4C74-8A91-24D8249B46D2}.Release|Any CPU.Build.0 = Release|Any CPU
		{189B79D8-3729-46BF-8380-855D82208F3D}.Debug|Any CPU.ActiveCfg = Debug|Any CPU
		{189B79D8-3729-46BF-8380-855D82208F3D}.Debug|Any CPU.Build.0 = Debug|Any CPU
		{189B79D8-3729-46BF-8380-855D82208F3D}.Release|Any CPU.ActiveCfg = Release|Any CPU
		{189B79D8-3729-46BF-8380-855D82208F3D}.Release|Any CPU.Build.0 = Release|Any CPU
		{106FED4D-2D3A-41B6-B7B4-ACDB42B41F54}.Debug|Any CPU.ActiveCfg = Debug|Any CPU
		{106FED4D-2D3A-41B6-B7B4-ACDB42B41F54}.Debug|Any CPU.Build.0 = Debug|Any CPU
		{106FED4D-2D3A-41B6-B7B4-ACDB42B41F54}.Release|Any CPU.ActiveCfg = Release|Any CPU
		{106FED4D-2D3A-41B6-B7B4-ACDB42B41F54}.Release|Any CPU.Build.0 = Release|Any CPU
	EndGlobalSection
	GlobalSection(SolutionProperties) = preSolution
		HideSolutionNode = FALSE
	EndGlobalSection
	GlobalSection(ExtensibilityGlobals) = postSolution
		SolutionGuid = {C4298552-EAA9-47F7-BEC2-7E2BBFF67239}
	EndGlobalSection
EndGlobal
